// !$*UTF8*$!
{
	archiveVersion = 1;
	classes = {
	};
	objectVersion = 50;
	objects = {

/* Begin PBXBuildFile section */
		8B1B761325483DC10048B8B6 /* TvWsProtocol.swift in Sources */ = {isa = PBXBuildFile; fileRef = 8B1B761225483DC10048B8B6 /* TvWsProtocol.swift */; };
		8B1B762025483F400048B8B6 /* TvWsProtocol.m in Sources */ = {isa = PBXBuildFile; fileRef = 8B1B761F25483F400048B8B6 /* TvWsProtocol.m */; };
		8B1B7675254855890048B8B6 /* WebSocket.swift in Sources */ = {isa = PBXBuildFile; fileRef = 8B1B7674254855890048B8B6 /* WebSocket.swift */; };
		8B1B7679254855E20048B8B6 /* Engine.swift in Sources */ = {isa = PBXBuildFile; fileRef = 8B1B7678254855E20048B8B6 /* Engine.swift */; };
		8B1B767F254856240048B8B6 /* WSEngine.swift in Sources */ = {isa = PBXBuildFile; fileRef = 8B1B767E254856240048B8B6 /* WSEngine.swift */; };
		8B1B7682254856570048B8B6 /* FoundationHTTPHandler.swift in Sources */ = {isa = PBXBuildFile; fileRef = 8B1B7681254856570048B8B6 /* FoundationHTTPHandler.swift */; };
		8B1B76852548568C0048B8B6 /* FoundationHTTPServerHandler.swift in Sources */ = {isa = PBXBuildFile; fileRef = 8B1B76842548568C0048B8B6 /* FoundationHTTPServerHandler.swift */; };
		8B1B7688254856B60048B8B6 /* FrameCollector.swift in Sources */ = {isa = PBXBuildFile; fileRef = 8B1B7687254856B60048B8B6 /* FrameCollector.swift */; };
		8B1B768B254856D40048B8B6 /* Framer.swift in Sources */ = {isa = PBXBuildFile; fileRef = 8B1B768A254856D40048B8B6 /* Framer.swift */; };
		8B1B768E254856F50048B8B6 /* HTTPHandler.swift in Sources */ = {isa = PBXBuildFile; fileRef = 8B1B768D254856F50048B8B6 /* HTTPHandler.swift */; };
		8B1B7691254857120048B8B6 /* StringHTTPHandler.swift in Sources */ = {isa = PBXBuildFile; fileRef = 8B1B7690254857120048B8B6 /* StringHTTPHandler.swift */; };
		8B1B7696254857AD0048B8B6 /* FoundationTransport.swift in Sources */ = {isa = PBXBuildFile; fileRef = 8B1B7695254857AD0048B8B6 /* FoundationTransport.swift */; };
		8B1B7699254857C70048B8B6 /* TCPTransport.swift in Sources */ = {isa = PBXBuildFile; fileRef = 8B1B7698254857C70048B8B6 /* TCPTransport.swift */; };
		8B1B769C254857E10048B8B6 /* Transport.swift in Sources */ = {isa = PBXBuildFile; fileRef = 8B1B769B254857E10048B8B6 /* Transport.swift */; };
		8B1B76A0254858580048B8B6 /* FoundationSecurity.swift in Sources */ = {isa = PBXBuildFile; fileRef = 8B1B769F254858580048B8B6 /* FoundationSecurity.swift */; };
		8B1B76A3254858790048B8B6 /* Security.swift in Sources */ = {isa = PBXBuildFile; fileRef = 8B1B76A2254858790048B8B6 /* Security.swift */; };
		8B1B76A6254858A80048B8B6 /* Compression.swift in Sources */ = {isa = PBXBuildFile; fileRef = 8B1B76A5254858A80048B8B6 /* Compression.swift */; };
		8B1B76A9254858C80048B8B6 /* WSCompression.swift in Sources */ = {isa = PBXBuildFile; fileRef = 8B1B76A8254858C80048B8B6 /* WSCompression.swift */; };
		8B1B76AC254859550048B8B6 /* Data+Extensions.swift in Sources */ = {isa = PBXBuildFile; fileRef = 8B1B76AB254859550048B8B6 /* Data+Extensions.swift */; };
/* End PBXBuildFile section */

/* Begin PBXCopyFilesBuildPhase section */
		8B1B760D25483DC10048B8B6 /* CopyFiles */ = {
			isa = PBXCopyFilesBuildPhase;
			buildActionMask = 2147483647;
			dstPath = "include/$(PRODUCT_NAME)";
			dstSubfolderSpec = 16;
			files = (
			);
			runOnlyForDeploymentPostprocessing = 0;
		};
/* End PBXCopyFilesBuildPhase section */

/* Begin PBXFileReference section */
		8B1B760F25483DC10048B8B6 /* libTvWsProtocol.a */ = {isa = PBXFileReference; explicitFileType = archive.ar; includeInIndex = 0; path = libTvWsProtocol.a; sourceTree = BUILT_PRODUCTS_DIR; };
		8B1B761225483DC10048B8B6 /* TvWsProtocol.swift */ = {isa = PBXFileReference; lastKnownFileType = sourcecode.swift; path = TvWsProtocol.swift; sourceTree = "<group>"; };
		8B1B761E25483F400048B8B6 /* TvWsProtocol-Bridging-Header.h */ = {isa = PBXFileReference; lastKnownFileType = sourcecode.c.h; path = "TvWsProtocol-Bridging-Header.h"; sourceTree = "<group>"; };
		8B1B761F25483F400048B8B6 /* TvWsProtocol.m */ = {isa = PBXFileReference; lastKnownFileType = sourcecode.c.objc; path = TvWsProtocol.m; sourceTree = "<group>"; };
		8B1B7674254855890048B8B6 /* WebSocket.swift */ = {isa = PBXFileReference; lastKnownFileType = sourcecode.swift; path = WebSocket.swift; sourceTree = "<group>"; };
		8B1B7678254855E20048B8B6 /* Engine.swift */ = {isa = PBXFileReference; lastKnownFileType = sourcecode.swift; path = Engine.swift; sourceTree = "<group>"; };
		8B1B767E254856240048B8B6 /* WSEngine.swift */ = {isa = PBXFileReference; lastKnownFileType = sourcecode.swift; path = WSEngine.swift; sourceTree = "<group>"; };
		8B1B7681254856570048B8B6 /* FoundationHTTPHandler.swift */ = {isa = PBXFileReference; lastKnownFileType = sourcecode.swift; path = FoundationHTTPHandler.swift; sourceTree = "<group>"; };
		8B1B76842548568C0048B8B6 /* FoundationHTTPServerHandler.swift */ = {isa = PBXFileReference; lastKnownFileType = sourcecode.swift; path = FoundationHTTPServerHandler.swift; sourceTree = "<group>"; };
		8B1B7687254856B60048B8B6 /* FrameCollector.swift */ = {isa = PBXFileReference; lastKnownFileType = sourcecode.swift; path = FrameCollector.swift; sourceTree = "<group>"; };
		8B1B768A254856D40048B8B6 /* Framer.swift */ = {isa = PBXFileReference; lastKnownFileType = sourcecode.swift; path = Framer.swift; sourceTree = "<group>"; };
		8B1B768D254856F50048B8B6 /* HTTPHandler.swift */ = {isa = PBXFileReference; lastKnownFileType = sourcecode.swift; path = HTTPHandler.swift; sourceTree = "<group>"; };
		8B1B7690254857120048B8B6 /* StringHTTPHandler.swift */ = {isa = PBXFileReference; lastKnownFileType = sourcecode.swift; path = StringHTTPHandler.swift; sourceTree = "<group>"; };
		8B1B7695254857AD0048B8B6 /* FoundationTransport.swift */ = {isa = PBXFileReference; lastKnownFileType = sourcecode.swift; path = FoundationTransport.swift; sourceTree = "<group>"; };
		8B1B7698254857C70048B8B6 /* TCPTransport.swift */ = {isa = PBXFileReference; lastKnownFileType = sourcecode.swift; path = TCPTransport.swift; sourceTree = "<group>"; };
		8B1B769B254857E10048B8B6 /* Transport.swift */ = {isa = PBXFileReference; lastKnownFileType = sourcecode.swift; path = Transport.swift; sourceTree = "<group>"; };
		8B1B769F254858580048B8B6 /* FoundationSecurity.swift */ = {isa = PBXFileReference; lastKnownFileType = sourcecode.swift; path = FoundationSecurity.swift; sourceTree = "<group>"; };
		8B1B76A2254858790048B8B6 /* Security.swift */ = {isa = PBXFileReference; lastKnownFileType = sourcecode.swift; path = Security.swift; sourceTree = "<group>"; };
		8B1B76A5254858A80048B8B6 /* Compression.swift */ = {isa = PBXFileReference; lastKnownFileType = sourcecode.swift; path = Compression.swift; sourceTree = "<group>"; };
		8B1B76A8254858C80048B8B6 /* WSCompression.swift */ = {isa = PBXFileReference; lastKnownFileType = sourcecode.swift; path = WSCompression.swift; sourceTree = "<group>"; };
		8B1B76AB254859550048B8B6 /* Data+Extensions.swift */ = {isa = PBXFileReference; lastKnownFileType = sourcecode.swift; path = "Data+Extensions.swift"; sourceTree = "<group>"; };
/* End PBXFileReference section */

/* Begin PBXFrameworksBuildPhase section */
		8B1B760C25483DC10048B8B6 /* Frameworks */ = {
			isa = PBXFrameworksBuildPhase;
			buildActionMask = 2147483647;
			files = (
			);
			runOnlyForDeploymentPostprocessing = 0;
		};
/* End PBXFrameworksBuildPhase section */

/* Begin PBXGroup section */
		8B1B760625483DC10048B8B6 = {
			isa = PBXGroup;
			children = (
				8B1B761125483DC10048B8B6 /* TvWsProtocol */,
				8B1B761025483DC10048B8B6 /* Products */,
			);
			sourceTree = "<group>";
		};
		8B1B761025483DC10048B8B6 /* Products */ = {
			isa = PBXGroup;
			children = (
				8B1B760F25483DC10048B8B6 /* libTvWsProtocol.a */,
			);
			name = Products;
			sourceTree = "<group>";
		};
		8B1B761125483DC10048B8B6 /* TvWsProtocol */ = {
			isa = PBXGroup;
			children = (
				8B1B76732548554A0048B8B6 /* Websocket */,
				8B1B761225483DC10048B8B6 /* TvWsProtocol.swift */,
				8B1B761F25483F400048B8B6 /* TvWsProtocol.m */,
				8B1B761E25483F400048B8B6 /* TvWsProtocol-Bridging-Header.h */,
			);
			path = TvWsProtocol;
			sourceTree = "<group>";
		};
		8B1B76732548554A0048B8B6 /* Websocket */ = {
			isa = PBXGroup;
			children = (
				8B1B7674254855890048B8B6 /* WebSocket.swift */,
				8B1B7678254855E20048B8B6 /* Engine.swift */,
				8B1B767E254856240048B8B6 /* WSEngine.swift */,
				8B1B7681254856570048B8B6 /* FoundationHTTPHandler.swift */,
				8B1B76842548568C0048B8B6 /* FoundationHTTPServerHandler.swift */,
				8B1B7687254856B60048B8B6 /* FrameCollector.swift */,
				8B1B768A254856D40048B8B6 /* Framer.swift */,
				8B1B768D254856F50048B8B6 /* HTTPHandler.swift */,
				8B1B7690254857120048B8B6 /* StringHTTPHandler.swift */,
				8B1B7695254857AD0048B8B6 /* FoundationTransport.swift */,
				8B1B7698254857C70048B8B6 /* TCPTransport.swift */,
				8B1B769B254857E10048B8B6 /* Transport.swift */,
				8B1B769F254858580048B8B6 /* FoundationSecurity.swift */,
				8B1B76A2254858790048B8B6 /* Security.swift */,
				8B1B76A5254858A80048B8B6 /* Compression.swift */,
				8B1B76A8254858C80048B8B6 /* WSCompression.swift */,
				8B1B76AB254859550048B8B6 /* Data+Extensions.swift */,
			);
			path = Websocket;
			sourceTree = "<group>";
		};
/* End PBXGroup section */

/* Begin PBXNativeTarget section */
		8B1B760E25483DC10048B8B6 /* TvWsProtocol */ = {
			isa = PBXNativeTarget;
			buildConfigurationList = 8B1B761625483DC10048B8B6 /* Build configuration list for PBXNativeTarget "TvWsProtocol" */;
			buildPhases = (
				8B1B760B25483DC10048B8B6 /* Sources */,
				8B1B760C25483DC10048B8B6 /* Frameworks */,
				8B1B760D25483DC10048B8B6 /* CopyFiles */,
			);
			buildRules = (
			);
			dependencies = (
			);
			name = TvWsProtocol;
			packageProductDependencies = (
			);
			productName = TvWsProtocol;
			productReference = 8B1B760F25483DC10048B8B6 /* libTvWsProtocol.a */;
			productType = "com.apple.product-type.library.static";
		};
/* End PBXNativeTarget section */

/* Begin PBXProject section */
		8B1B760725483DC10048B8B6 /* Project object */ = {
			isa = PBXProject;
			attributes = {
				LastSwiftUpdateCheck = 1200;
				LastUpgradeCheck = 1200;
				TargetAttributes = {
					8B1B760E25483DC10048B8B6 = {
						CreatedOnToolsVersion = 12.0.1;
						LastSwiftMigration = 1200;
					};
				};
			};
			buildConfigurationList = 8B1B760A25483DC10048B8B6 /* Build configuration list for PBXProject "TvWsProtocol" */;
			compatibilityVersion = "Xcode 9.3";
			developmentRegion = en;
			hasScannedForEncodings = 0;
			knownRegions = (
				en,
				Base,
			);
			mainGroup = 8B1B760625483DC10048B8B6;
			packageReferences = (
			);
			productRefGroup = 8B1B761025483DC10048B8B6 /* Products */;
			projectDirPath = "";
			projectRoot = "";
			targets = (
				8B1B760E25483DC10048B8B6 /* TvWsProtocol */,
			);
		};
/* End PBXProject section */

/* Begin PBXSourcesBuildPhase section */
		8B1B760B25483DC10048B8B6 /* Sources */ = {
			isa = PBXSourcesBuildPhase;
			buildActionMask = 2147483647;
			files = (
				8B1B76A3254858790048B8B6 /* Security.swift in Sources */,
				8B1B7688254856B60048B8B6 /* FrameCollector.swift in Sources */,
				8B1B768E254856F50048B8B6 /* HTTPHandler.swift in Sources */,
				8B1B76A0254858580048B8B6 /* FoundationSecurity.swift in Sources */,
				8B1B76A9254858C80048B8B6 /* WSCompression.swift in Sources */,
				8B1B76852548568C0048B8B6 /* FoundationHTTPServerHandler.swift in Sources */,
				8B1B7699254857C70048B8B6 /* TCPTransport.swift in Sources */,
				8B1B76A6254858A80048B8B6 /* Compression.swift in Sources */,
				8B1B7691254857120048B8B6 /* StringHTTPHandler.swift in Sources */,
				8B1B76AC254859550048B8B6 /* Data+Extensions.swift in Sources */,
				8B1B768B254856D40048B8B6 /* Framer.swift in Sources */,
				8B1B761325483DC10048B8B6 /* TvWsProtocol.swift in Sources */,
				8B1B769C254857E10048B8B6 /* Transport.swift in Sources */,
				8B1B767F254856240048B8B6 /* WSEngine.swift in Sources */,
				8B1B7679254855E20048B8B6 /* Engine.swift in Sources */,
				8B1B7696254857AD0048B8B6 /* FoundationTransport.swift in Sources */,
				8B1B7675254855890048B8B6 /* WebSocket.swift in Sources */,
				8B1B762025483F400048B8B6 /* TvWsProtocol.m in Sources */,
				8B1B7682254856570048B8B6 /* FoundationHTTPHandler.swift in Sources */,
			);
			runOnlyForDeploymentPostprocessing = 0;
		};
/* End PBXSourcesBuildPhase section */

/* Begin XCBuildConfiguration section */
		8B1B761425483DC10048B8B6 /* Debug */ = {
			isa = XCBuildConfiguration;
			buildSettings = {
				ALWAYS_SEARCH_USER_PATHS = NO;
				CLANG_ANALYZER_NONNULL = YES;
				CLANG_ANALYZER_NUMBER_OBJECT_CONVERSION = YES_AGGRESSIVE;
				CLANG_CXX_LANGUAGE_STANDARD = "gnu++14";
				CLANG_CXX_LIBRARY = "libc++";
				CLANG_ENABLE_MODULES = YES;
				CLANG_ENABLE_OBJC_ARC = YES;
				CLANG_ENABLE_OBJC_WEAK = YES;
				CLANG_WARN_BLOCK_CAPTURE_AUTORELEASING = YES;
				CLANG_WARN_BOOL_CONVERSION = YES;
				CLANG_WARN_COMMA = YES;
				CLANG_WARN_CONSTANT_CONVERSION = YES;
				CLANG_WARN_DEPRECATED_OBJC_IMPLEMENTATIONS = YES;
				CLANG_WARN_DIRECT_OBJC_ISA_USAGE = YES_ERROR;
				CLANG_WARN_DOCUMENTATION_COMMENTS = YES;
				CLANG_WARN_EMPTY_BODY = YES;
				CLANG_WARN_ENUM_CONVERSION = YES;
				CLANG_WARN_INFINITE_RECURSION = YES;
				CLANG_WARN_INT_CONVERSION = YES;
				CLANG_WARN_NON_LITERAL_NULL_CONVERSION = YES;
				CLANG_WARN_OBJC_IMPLICIT_RETAIN_SELF = YES;
				CLANG_WARN_OBJC_LITERAL_CONVERSION = YES;
				CLANG_WARN_OBJC_ROOT_CLASS = YES_ERROR;
				CLANG_WARN_QUOTED_INCLUDE_IN_FRAMEWORK_HEADER = YES;
				CLANG_WARN_RANGE_LOOP_ANALYSIS = YES;
				CLANG_WARN_STRICT_PROTOTYPES = YES;
				CLANG_WARN_SUSPICIOUS_MOVE = YES;
				CLANG_WARN_UNGUARDED_AVAILABILITY = YES_AGGRESSIVE;
				CLANG_WARN_UNREACHABLE_CODE = YES;
				CLANG_WARN__DUPLICATE_METHOD_MATCH = YES;
				COPY_PHASE_STRIP = NO;
				DEBUG_INFORMATION_FORMAT = dwarf;
				ENABLE_STRICT_OBJC_MSGSEND = YES;
				ENABLE_TESTABILITY = YES;
				GCC_C_LANGUAGE_STANDARD = gnu11;
				GCC_DYNAMIC_NO_PIC = NO;
				GCC_NO_COMMON_BLOCKS = YES;
				GCC_OPTIMIZATION_LEVEL = 0;
				GCC_PREPROCESSOR_DEFINITIONS = (
					"DEBUG=1",
					"$(inherited)",
				);
				GCC_WARN_64_TO_32_BIT_CONVERSION = YES;
				GCC_WARN_ABOUT_RETURN_TYPE = YES_ERROR;
				GCC_WARN_UNDECLARED_SELECTOR = YES;
				GCC_WARN_UNINITIALIZED_AUTOS = YES_AGGRESSIVE;
				GCC_WARN_UNUSED_FUNCTION = YES;
				GCC_WARN_UNUSED_VARIABLE = YES;
				IPHONEOS_DEPLOYMENT_TARGET = 14.0;
				MTL_ENABLE_DEBUG_INFO = INCLUDE_SOURCE;
				MTL_FAST_MATH = YES;
				ONLY_ACTIVE_ARCH = YES;
				SDKROOT = iphoneos;
				SWIFT_ACTIVE_COMPILATION_CONDITIONS = DEBUG;
				SWIFT_OPTIMIZATION_LEVEL = "-Onone";
			};
			name = Debug;
		};
		8B1B761525483DC10048B8B6 /* Release */ = {
			isa = XCBuildConfiguration;
			buildSettings = {
				ALWAYS_SEARCH_USER_PATHS = NO;
				CLANG_ANALYZER_NONNULL = YES;
				CLANG_ANALYZER_NUMBER_OBJECT_CONVERSION = YES_AGGRESSIVE;
				CLANG_CXX_LANGUAGE_STANDARD = "gnu++14";
				CLANG_CXX_LIBRARY = "libc++";
				CLANG_ENABLE_MODULES = YES;
				CLANG_ENABLE_OBJC_ARC = YES;
				CLANG_ENABLE_OBJC_WEAK = YES;
				CLANG_WARN_BLOCK_CAPTURE_AUTORELEASING = YES;
				CLANG_WARN_BOOL_CONVERSION = YES;
				CLANG_WARN_COMMA = YES;
				CLANG_WARN_CONSTANT_CONVERSION = YES;
				CLANG_WARN_DEPRECATED_OBJC_IMPLEMENTATIONS = YES;
				CLANG_WARN_DIRECT_OBJC_ISA_USAGE = YES_ERROR;
				CLANG_WARN_DOCUMENTATION_COMMENTS = YES;
				CLANG_WARN_EMPTY_BODY = YES;
				CLANG_WARN_ENUM_CONVERSION = YES;
				CLANG_WARN_INFINITE_RECURSION = YES;
				CLANG_WARN_INT_CONVERSION = YES;
				CLANG_WARN_NON_LITERAL_NULL_CONVERSION = YES;
				CLANG_WARN_OBJC_IMPLICIT_RETAIN_SELF = YES;
				CLANG_WARN_OBJC_LITERAL_CONVERSION = YES;
				CLANG_WARN_OBJC_ROOT_CLASS = YES_ERROR;
				CLANG_WARN_QUOTED_INCLUDE_IN_FRAMEWORK_HEADER = YES;
				CLANG_WARN_RANGE_LOOP_ANALYSIS = YES;
				CLANG_WARN_STRICT_PROTOTYPES = YES;
				CLANG_WARN_SUSPICIOUS_MOVE = YES;
				CLANG_WARN_UNGUARDED_AVAILABILITY = YES_AGGRESSIVE;
				CLANG_WARN_UNREACHABLE_CODE = YES;
				CLANG_WARN__DUPLICATE_METHOD_MATCH = YES;
				COPY_PHASE_STRIP = NO;
				DEBUG_INFORMATION_FORMAT = "dwarf-with-dsym";
				ENABLE_NS_ASSERTIONS = NO;
				ENABLE_STRICT_OBJC_MSGSEND = YES;
				GCC_C_LANGUAGE_STANDARD = gnu11;
				GCC_NO_COMMON_BLOCKS = YES;
				GCC_WARN_64_TO_32_BIT_CONVERSION = YES;
				GCC_WARN_ABOUT_RETURN_TYPE = YES_ERROR;
				GCC_WARN_UNDECLARED_SELECTOR = YES;
				GCC_WARN_UNINITIALIZED_AUTOS = YES_AGGRESSIVE;
				GCC_WARN_UNUSED_FUNCTION = YES;
				GCC_WARN_UNUSED_VARIABLE = YES;
				IPHONEOS_DEPLOYMENT_TARGET = 14.0;
				MTL_ENABLE_DEBUG_INFO = NO;
				MTL_FAST_MATH = YES;
				SDKROOT = iphoneos;
				SWIFT_COMPILATION_MODE = wholemodule;
				SWIFT_OPTIMIZATION_LEVEL = "-O";
				VALIDATE_PRODUCT = YES;
			};
			name = Release;
		};
		8B1B761725483DC10048B8B6 /* Debug */ = {
			isa = XCBuildConfiguration;
			buildSettings = {
				CLANG_ENABLE_MODULES = YES;
				CODE_SIGN_STYLE = Automatic;
				DEVELOPMENT_TEAM = 6N826AZG8F;
				LD_RUNPATH_SEARCH_PATHS = (
					"$(inherited)",
					"@executable_path/Frameworks",
					"@loader_path/Frameworks",
				);
				OTHER_LDFLAGS = "-ObjC";
				PRODUCT_NAME = "$(TARGET_NAME)";
				SKIP_INSTALL = YES;
				SWIFT_OBJC_BRIDGING_HEADER = "TvWsProtocol/TvWsProtocol-Bridging-Header.h";
				SWIFT_OPTIMIZATION_LEVEL = "-Onone";
				SWIFT_VERSION = 5.0;
				TARGETED_DEVICE_FAMILY = "1,2";
			};
			name = Debug;
		};
		8B1B761825483DC10048B8B6 /* Release */ = {
			isa = XCBuildConfiguration;
			buildSettings = {
				CLANG_ENABLE_MODULES = YES;
				CODE_SIGN_STYLE = Automatic;
				DEVELOPMENT_TEAM = 6N826AZG8F;
				LD_RUNPATH_SEARCH_PATHS = (
					"$(inherited)",
					"@executable_path/Frameworks",
					"@loader_path/Frameworks",
				);
				OTHER_LDFLAGS = "-ObjC";
				PRODUCT_NAME = "$(TARGET_NAME)";
				SKIP_INSTALL = YES;
				SWIFT_OBJC_BRIDGING_HEADER = "TvWsProtocol/TvWsProtocol-Bridging-Header.h";
				SWIFT_VERSION = 5.0;
				TARGETED_DEVICE_FAMILY = "1,2";
			};
			name = Release;
		};
/* End XCBuildConfiguration section */

/* Begin XCConfigurationList section */
		8B1B760A25483DC10048B8B6 /* Build configuration list for PBXProject "TvWsProtocol" */ = {
			isa = XCConfigurationList;
			buildConfigurations = (
				8B1B761425483DC10048B8B6 /* Debug */,
				8B1B761525483DC10048B8B6 /* Release */,
			);
			defaultConfigurationIsVisible = 0;
			defaultConfigurationName = Release;
		};
		8B1B761625483DC10048B8B6 /* Build configuration list for PBXNativeTarget "TvWsProtocol" */ = {
			isa = XCConfigurationList;
			buildConfigurations = (
				8B1B761725483DC10048B8B6 /* Debug */,
				8B1B761825483DC10048B8B6 /* Release */,
			);
			defaultConfigurationIsVisible = 0;
			defaultConfigurationName = Release;
		};
/* End XCConfigurationList section */
	};
	rootObject = 8B1B760725483DC10048B8B6 /* Project object */;
}
